// !$*UTF8*$!
{
	archiveVersion = 1;
	classes = {
	};
	objectVersion = 50;
	objects = {

/* Begin PBXBuildFile section */
		2CC91B0D2213C2EF00C954F1 /* AppDelegate.swift in Sources */ = {isa = PBXBuildFile; fileRef = 2CC91B0C2213C2EF00C954F1 /* AppDelegate.swift */; };
		2CC91B0F2213C2EF00C954F1 /* ViewController.swift in Sources */ = {isa = PBXBuildFile; fileRef = 2CC91B0E2213C2EF00C954F1 /* ViewController.swift */; };
		2CC91B122213C2EF00C954F1 /* Main.storyboard in Resources */ = {isa = PBXBuildFile; fileRef = 2CC91B102213C2EF00C954F1 /* Main.storyboard */; };
		2CC91B142213C2F100C954F1 /* Assets.xcassets in Resources */ = {isa = PBXBuildFile; fileRef = 2CC91B132213C2F100C954F1 /* Assets.xcassets */; };
		2CC91B172213C2F100C954F1 /* LaunchScreen.storyboard in Resources */ = {isa = PBXBuildFile; fileRef = 2CC91B152213C2F100C954F1 /* LaunchScreen.storyboard */; };
		2CC91B222213C2F100C954F1 /* flixKhuynhTests.swift in Sources */ = {isa = PBXBuildFile; fileRef = 2CC91B212213C2F100C954F1 /* flixKhuynhTests.swift */; };
		2CC91B2D2213C2F100C954F1 /* flixKhuynhUITests.swift in Sources */ = {isa = PBXBuildFile; fileRef = 2CC91B2C2213C2F100C954F1 /* flixKhuynhUITests.swift */; };
/* End PBXBuildFile section */

/* Begin PBXContainerItemProxy section */
		2CC91B1E2213C2F100C954F1 /* PBXContainerItemProxy */ = {
			isa = PBXContainerItemProxy;
			containerPortal = 2CC91B012213C2EF00C954F1 /* Project object */;
			proxyType = 1;
			remoteGlobalIDString = 2CC91B082213C2EF00C954F1;
			remoteInfo = flixKhuynh;
		};
		2CC91B292213C2F100C954F1 /* PBXContainerItemProxy */ = {
			isa = PBXContainerItemProxy;
			containerPortal = 2CC91B012213C2EF00C954F1 /* Project object */;
			proxyType = 1;
			remoteGlobalIDString = 2CC91B082213C2EF00C954F1;
			remoteInfo = flixKhuynh;
		};
/* End PBXContainerItemProxy section */

/* Begin PBXFileReference section */
		2CC91B092213C2EF00C954F1 /* flixKhuynh.app */ = {isa = PBXFileReference; explicitFileType = wrapper.application; includeInIndex = 0; path = flixKhuynh.app; sourceTree = BUILT_PRODUCTS_DIR; };
		2CC91B0C2213C2EF00C954F1 /* AppDelegate.swift */ = {isa = PBXFileReference; lastKnownFileType = sourcecode.swift; path = AppDelegate.swift; sourceTree = "<group>"; };
		2CC91B0E2213C2EF00C954F1 /* ViewController.swift */ = {isa = PBXFileReference; lastKnownFileType = sourcecode.swift; path = ViewController.swift; sourceTree = "<group>"; };
		2CC91B112213C2EF00C954F1 /* Base */ = {isa = PBXFileReference; lastKnownFileType = file.storyboard; name = Base; path = Base.lproj/Main.storyboard; sourceTree = "<group>"; };
		2CC91B132213C2F100C954F1 /* Assets.xcassets */ = {isa = PBXFileReference; lastKnownFileType = folder.assetcatalog; path = Assets.xcassets; sourceTree = "<group>"; };
		2CC91B162213C2F100C954F1 /* Base */ = {isa = PBXFileReference; lastKnownFileType = file.storyboard; name = Base; path = Base.lproj/LaunchScreen.storyboard; sourceTree = "<group>"; };
		2CC91B182213C2F100C954F1 /* Info.plist */ = {isa = PBXFileReference; lastKnownFileType = text.plist.xml; path = Info.plist; sourceTree = "<group>"; };
		2CC91B1D2213C2F100C954F1 /* flixKhuynhTests.xctest */ = {isa = PBXFileReference; explicitFileType = wrapper.cfbundle; includeInIndex = 0; path = flixKhuynhTests.xctest; sourceTree = BUILT_PRODUCTS_DIR; };
		2CC91B212213C2F100C954F1 /* flixKhuynhTests.swift */ = {isa = PBXFileReference; lastKnownFileType = sourcecode.swift; path = flixKhuynhTests.swift; sourceTree = "<group>"; };
		2CC91B232213C2F100C954F1 /* Info.plist */ = {isa = PBXFileReference; lastKnownFileType = text.plist.xml; path = Info.plist; sourceTree = "<group>"; };
		2CC91B282213C2F100C954F1 /* flixKhuynhUITests.xctest */ = {isa = PBXFileReference; explicitFileType = wrapper.cfbundle; includeInIndex = 0; path = flixKhuynhUITests.xctest; sourceTree = BUILT_PRODUCTS_DIR; };
		2CC91B2C2213C2F100C954F1 /* flixKhuynhUITests.swift */ = {isa = PBXFileReference; lastKnownFileType = sourcecode.swift; path = flixKhuynhUITests.swift; sourceTree = "<group>"; };
		2CC91B2E2213C2F100C954F1 /* Info.plist */ = {isa = PBXFileReference; lastKnownFileType = text.plist.xml; path = Info.plist; sourceTree = "<group>"; };
/* End PBXFileReference section */

/* Begin PBXFrameworksBuildPhase section */
		2CC91B062213C2EF00C954F1 /* Frameworks */ = {
			isa = PBXFrameworksBuildPhase;
			buildActionMask = 2147483647;
			files = (
			);
			runOnlyForDeploymentPostprocessing = 0;
		};
		2CC91B1A2213C2F100C954F1 /* Frameworks */ = {
			isa = PBXFrameworksBuildPhase;
			buildActionMask = 2147483647;
			files = (
			);
			runOnlyForDeploymentPostprocessing = 0;
		};
		2CC91B252213C2F100C954F1 /* Frameworks */ = {
			isa = PBXFrameworksBuildPhase;
			buildActionMask = 2147483647;
			files = (
			);
			runOnlyForDeploymentPostprocessing = 0;
		};
/* End PBXFrameworksBuildPhase section */

/* Begin PBXGroup section */
		2CC91B002213C2EF00C954F1 = {
			isa = PBXGroup;
			children = (
				2CC91B0B2213C2EF00C954F1 /* flixKhuynh */,
				2CC91B202213C2F100C954F1 /* flixKhuynhTests */,
				2CC91B2B2213C2F100C954F1 /* flixKhuynhUITests */,
				2CC91B0A2213C2EF00C954F1 /* Products */,
			);
			sourceTree = "<group>";
		};
		2CC91B0A2213C2EF00C954F1 /* Products */ = {
			isa = PBXGroup;
			children = (
				2CC91B092213C2EF00C954F1 /* flixKhuynh.app */,
				2CC91B1D2213C2F100C954F1 /* flixKhuynhTests.xctest */,
				2CC91B282213C2F100C954F1 /* flixKhuynhUITests.xctest */,
			);
			name = Products;
			sourceTree = "<group>";
		};
		2CC91B0B2213C2EF00C954F1 /* flixKhuynh */ = {
			isa = PBXGroup;
			children = (
				2CC91B0C2213C2EF00C954F1 /* AppDelegate.swift */,
				2CC91B0E2213C2EF00C954F1 /* ViewController.swift */,
				2CC91B102213C2EF00C954F1 /* Main.storyboard */,
				2CC91B132213C2F100C954F1 /* Assets.xcassets */,
				2CC91B152213C2F100C954F1 /* LaunchScreen.storyboard */,
				2CC91B182213C2F100C954F1 /* Info.plist */,
			);
			path = flixKhuynh;
			sourceTree = "<group>";
		};
		2CC91B202213C2F100C954F1 /* flixKhuynhTests */ = {
			isa = PBXGroup;
			children = (
				2CC91B212213C2F100C954F1 /* flixKhuynhTests.swift */,
				2CC91B232213C2F100C954F1 /* Info.plist */,
			);
			path = flixKhuynhTests;
			sourceTree = "<group>";
		};
		2CC91B2B2213C2F100C954F1 /* flixKhuynhUITests */ = {
			isa = PBXGroup;
			children = (
				2CC91B2C2213C2F100C954F1 /* flixKhuynhUITests.swift */,
				2CC91B2E2213C2F100C954F1 /* Info.plist */,
			);
			path = flixKhuynhUITests;
			sourceTree = "<group>";
		};
/* End PBXGroup section */

/* Begin PBXNativeTarget section */
		2CC91B082213C2EF00C954F1 /* flixKhuynh */ = {
			isa = PBXNativeTarget;
			buildConfigurationList = 2CC91B312213C2F100C954F1 /* Build configuration list for PBXNativeTarget "flixKhuynh" */;
			buildPhases = (
				2CC91B052213C2EF00C954F1 /* Sources */,
				2CC91B062213C2EF00C954F1 /* Frameworks */,
				2CC91B072213C2EF00C954F1 /* Resources */,
			);
			buildRules = (
			);
			dependencies = (
			);
			name = flixKhuynh;
			productName = flixKhuynh;
			productReference = 2CC91B092213C2EF00C954F1 /* flixKhuynh.app */;
			productType = "com.apple.product-type.application";
		};
		2CC91B1C2213C2F100C954F1 /* flixKhuynhTests */ = {
			isa = PBXNativeTarget;
			buildConfigurationList = 2CC91B342213C2F100C954F1 /* Build configuration list for PBXNativeTarget "flixKhuynhTests" */;
			buildPhases = (
				2CC91B192213C2F100C954F1 /* Sources */,
				2CC91B1A2213C2F100C954F1 /* Frameworks */,
				2CC91B1B2213C2F100C954F1 /* Resources */,
			);
			buildRules = (
			);
			dependencies = (
				2CC91B1F2213C2F100C954F1 /* PBXTargetDependency */,
			);
			name = flixKhuynhTests;
			productName = flixKhuynhTests;
			productReference = 2CC91B1D2213C2F100C954F1 /* flixKhuynhTests.xctest */;
			productType = "com.apple.product-type.bundle.unit-test";
		};
		2CC91B272213C2F100C954F1 /* flixKhuynhUITests */ = {
			isa = PBXNativeTarget;
			buildConfigurationList = 2CC91B372213C2F100C954F1 /* Build configuration list for PBXNativeTarget "flixKhuynhUITests" */;
			buildPhases = (
				2CC91B242213C2F100C954F1 /* Sources */,
				2CC91B252213C2F100C954F1 /* Frameworks */,
				2CC91B262213C2F100C954F1 /* Resources */,
			);
			buildRules = (
			);
			dependencies = (
				2CC91B2A2213C2F100C954F1 /* PBXTargetDependency */,
			);
			name = flixKhuynhUITests;
			productName = flixKhuynhUITests;
			productReference = 2CC91B282213C2F100C954F1 /* flixKhuynhUITests.xctest */;
			productType = "com.apple.product-type.bundle.ui-testing";
		};
/* End PBXNativeTarget section */

/* Begin PBXProject section */
		2CC91B012213C2EF00C954F1 /* Project object */ = {
			isa = PBXProject;
			attributes = {
				LastSwiftUpdateCheck = 1010;
				LastUpgradeCheck = 1010;
				ORGANIZATIONNAME = qimosabi;
				TargetAttributes = {
					2CC91B082213C2EF00C954F1 = {
						CreatedOnToolsVersion = 10.1;
					};
					2CC91B1C2213C2F100C954F1 = {
						CreatedOnToolsVersion = 10.1;
						TestTargetID = 2CC91B082213C2EF00C954F1;
					};
					2CC91B272213C2F100C954F1 = {
						CreatedOnToolsVersion = 10.1;
						TestTargetID = 2CC91B082213C2EF00C954F1;
					};
				};
			};
			buildConfigurationList = 2CC91B042213C2EF00C954F1 /* Build configuration list for PBXProject "flixKhuynh" */;
			compatibilityVersion = "Xcode 9.3";
			developmentRegion = en;
			hasScannedForEncodings = 0;
			knownRegions = (
				en,
				Base,
			);
			mainGroup = 2CC91B002213C2EF00C954F1;
			productRefGroup = 2CC91B0A2213C2EF00C954F1 /* Products */;
			projectDirPath = "";
			projectRoot = "";
			targets = (
				2CC91B082213C2EF00C954F1 /* flixKhuynh */,
				2CC91B1C2213C2F100C954F1 /* flixKhuynhTests */,
				2CC91B272213C2F100C954F1 /* flixKhuynhUITests */,
			);
		};
/* End PBXProject section */

/* Begin PBXResourcesBuildPhase section */
		2CC91B072213C2EF00C954F1 /* Resources */ = {
			isa = PBXResourcesBuildPhase;
			buildActionMask = 2147483647;
			files = (
				2CC91B172213C2F100C954F1 /* LaunchScreen.storyboard in Resources */,
				2CC91B142213C2F100C954F1 /* Assets.xcassets in Resources */,
				2CC91B122213C2EF00C954F1 /* Main.storyboard in Resources */,
			);
			runOnlyForDeploymentPostprocessing = 0;
		};
		2CC91B1B2213C2F100C954F1 /* Resources */ = {
			isa = PBXResourcesBuildPhase;
			buildActionMask = 2147483647;
			files = (
			);
			runOnlyForDeploymentPostprocessing = 0;
		};
		2CC91B262213C2F100C954F1 /* Resources */ = {
			isa = PBXResourcesBuildPhase;
			buildActionMask = 2147483647;
			files = (
			);
			runOnlyForDeploymentPostprocessing = 0;
		};
/* End PBXResourcesBuildPhase section */

/* Begin PBXSourcesBuildPhase section */
		2CC91B052213C2EF00C954F1 /* Sources */ = {
			isa = PBXSourcesBuildPhase;
			buildActionMask = 2147483647;
			files = (
				2CC91B0F2213C2EF00C954F1 /* ViewController.swift in Sources */,
				2CC91B0D2213C2EF00C954F1 /* AppDelegate.swift in Sources */,
			);
			runOnlyForDeploymentPostprocessing = 0;
		};
		2CC91B192213C2F100C954F1 /* Sources */ = {
			isa = PBXSourcesBuildPhase;
			buildActionMask = 2147483647;
			files = (
				2CC91B222213C2F100C954F1 /* flixKhuynhTests.swift in Sources */,
			);
			runOnlyForDeploymentPostprocessing = 0;
		};
		2CC91B242213C2F100C954F1 /* Sources */ = {
			isa = PBXSourcesBuildPhase;
			buildActionMask = 2147483647;
			files = (
				2CC91B2D2213C2F100C954F1 /* flixKhuynhUITests.swift in Sources */,
			);
			runOnlyForDeploymentPostprocessing = 0;
		};
/* End PBXSourcesBuildPhase section */

/* Begin PBXTargetDependency section */
		2CC91B1F2213C2F100C954F1 /* PBXTargetDependency */ = {
			isa = PBXTargetDependency;
			target = 2CC91B082213C2EF00C954F1 /* flixKhuynh */;
			targetProxy = 2CC91B1E2213C2F100C954F1 /* PBXContainerItemProxy */;
		};
		2CC91B2A2213C2F100C954F1 /* PBXTargetDependency */ = {
			isa = PBXTargetDependency;
			target = 2CC91B082213C2EF00C954F1 /* flixKhuynh */;
			targetProxy = 2CC91B292213C2F100C954F1 /* PBXContainerItemProxy */;
		};
/* End PBXTargetDependency section */

/* Begin PBXVariantGroup section */
		2CC91B102213C2EF00C954F1 /* Main.storyboard */ = {
			isa = PBXVariantGroup;
			children = (
				2CC91B112213C2EF00C954F1 /* Base */,
			);
			name = Main.storyboard;
			sourceTree = "<group>";
		};
		2CC91B152213C2F100C954F1 /* LaunchScreen.storyboard */ = {
			isa = PBXVariantGroup;
			children = (
				2CC91B162213C2F100C954F1 /* Base */,
			);
			name = LaunchScreen.storyboard;
			sourceTree = "<group>";
		};
/* End PBXVariantGroup section */

/* Begin XCBuildConfiguration section */
		2CC91B2F2213C2F100C954F1 /* Debug */ = {
			isa = XCBuildConfiguration;
			buildSettings = {
				ALWAYS_SEARCH_USER_PATHS = NO;
				CLANG_ANALYZER_NONNULL = YES;
				CLANG_ANALYZER_NUMBER_OBJECT_CONVERSION = YES_AGGRESSIVE;
				CLANG_CXX_LANGUAGE_STANDARD = "gnu++14";
				CLANG_CXX_LIBRARY = "libc++";
				CLANG_ENABLE_MODULES = YES;
				CLANG_ENABLE_OBJC_ARC = YES;
				CLANG_ENABLE_OBJC_WEAK = YES;
				CLANG_WARN_BLOCK_CAPTURE_AUTORELEASING = YES;
				CLANG_WARN_BOOL_CONVERSION = YES;
				CLANG_WARN_COMMA = YES;
				CLANG_WARN_CONSTANT_CONVERSION = YES;
				CLANG_WARN_DEPRECATED_OBJC_IMPLEMENTATIONS = YES;
				CLANG_WARN_DIRECT_OBJC_ISA_USAGE = YES_ERROR;
				CLANG_WARN_DOCUMENTATION_COMMENTS = YES;
				CLANG_WARN_EMPTY_BODY = YES;
				CLANG_WARN_ENUM_CONVERSION = YES;
				CLANG_WARN_INFINITE_RECURSION = YES;
				CLANG_WARN_INT_CONVERSION = YES;
				CLANG_WARN_NON_LITERAL_NULL_CONVERSION = YES;
				CLANG_WARN_OBJC_IMPLICIT_RETAIN_SELF = YES;
				CLANG_WARN_OBJC_LITERAL_CONVERSION = YES;
				CLANG_WARN_OBJC_ROOT_CLASS = YES_ERROR;
				CLANG_WARN_RANGE_LOOP_ANALYSIS = YES;
				CLANG_WARN_STRICT_PROTOTYPES = YES;
				CLANG_WARN_SUSPICIOUS_MOVE = YES;
				CLANG_WARN_UNGUARDED_AVAILABILITY = YES_AGGRESSIVE;
				CLANG_WARN_UNREACHABLE_CODE = YES;
				CLANG_WARN__DUPLICATE_METHOD_MATCH = YES;
				CODE_SIGN_IDENTITY = "iPhone Developer";
				COPY_PHASE_STRIP = NO;
				DEBUG_INFORMATION_FORMAT = dwarf;
				ENABLE_STRICT_OBJC_MSGSEND = YES;
				ENABLE_TESTABILITY = YES;
				GCC_C_LANGUAGE_STANDARD = gnu11;
				GCC_DYNAMIC_NO_PIC = NO;
				GCC_NO_COMMON_BLOCKS = YES;
				GCC_OPTIMIZATION_LEVEL = 0;
				GCC_PREPROCESSOR_DEFINITIONS = (
					"DEBUG=1",
					"$(inherited)",
				);
				GCC_WARN_64_TO_32_BIT_CONVERSION = YES;
				GCC_WARN_ABOUT_RETURN_TYPE = YES_ERROR;
				GCC_WARN_UNDECLARED_SELECTOR = YES;
				GCC_WARN_UNINITIALIZED_AUTOS = YES_AGGRESSIVE;
				GCC_WARN_UNUSED_FUNCTION = YES;
				GCC_WARN_UNUSED_VARIABLE = YES;
				IPHONEOS_DEPLOYMENT_TARGET = 12.1;
				MTL_ENABLE_DEBUG_INFO = INCLUDE_SOURCE;
				MTL_FAST_MATH = YES;
				ONLY_ACTIVE_ARCH = YES;
				SDKROOT = iphoneos;
				SWIFT_ACTIVE_COMPILATION_CONDITIONS = DEBUG;
				SWIFT_OPTIMIZATION_LEVEL = "-Onone";
			};
			name = Debug;
		};
		2CC91B302213C2F100C954F1 /* Release */ = {
			isa = XCBuildConfiguration;
			buildSettings = {
				ALWAYS_SEARCH_USER_PATHS = NO;
				CLANG_ANALYZER_NONNULL = YES;
				CLANG_ANALYZER_NUMBER_OBJECT_CONVERSION = YES_AGGRESSIVE;
				CLANG_CXX_LANGUAGE_STANDARD = "gnu++14";
				CLANG_CXX_LIBRARY = "libc++";
				CLANG_ENABLE_MODULES = YES;
				CLANG_ENABLE_OBJC_ARC = YES;
				CLANG_ENABLE_OBJC_WEAK = YES;
				CLANG_WARN_BLOCK_CAPTURE_AUTORELEASING = YES;
				CLANG_WARN_BOOL_CONVERSION = YES;
				CLANG_WARN_COMMA = YES;
				CLANG_WARN_CONSTANT_CONVERSION = YES;
				CLANG_WARN_DEPRECATED_OBJC_IMPLEMENTATIONS = YES;
				CLANG_WARN_DIRECT_OBJC_ISA_USAGE = YES_ERROR;
				CLANG_WARN_DOCUMENTATION_COMMENTS = YES;
				CLANG_WARN_EMPTY_BODY = YES;
				CLANG_WARN_ENUM_CONVERSION = YES;
				CLANG_WARN_INFINITE_RECURSION = YES;
				CLANG_WARN_INT_CONVERSION = YES;
				CLANG_WARN_NON_LITERAL_NULL_CONVERSION = YES;
				CLANG_WARN_OBJC_IMPLICIT_RETAIN_SELF = YES;
				CLANG_WARN_OBJC_LITERAL_CONVERSION = YES;
				CLANG_WARN_OBJC_ROOT_CLASS = YES_ERROR;
				CLANG_WARN_RANGE_LOOP_ANALYSIS = YES;
				CLANG_WARN_STRICT_PROTOTYPES = YES;
				CLANG_WARN_SUSPICIOUS_MOVE = YES;
				CLANG_WARN_UNGUARDED_AVAILABILITY = YES_AGGRESSIVE;
				CLANG_WARN_UNREACHABLE_CODE = YES;
				CLANG_WARN__DUPLICATE_METHOD_MATCH = YES;
				CODE_SIGN_IDENTITY = "iPhone Developer";
				COPY_PHASE_STRIP = NO;
				DEBUG_INFORMATION_FORMAT = "dwarf-with-dsym";
				ENABLE_NS_ASSERTIONS = NO;
				ENABLE_STRICT_OBJC_MSGSEND = YES;
				GCC_C_LANGUAGE_STANDARD = gnu11;
				GCC_NO_COMMON_BLOCKS = YES;
				GCC_WARN_64_TO_32_BIT_CONVERSION = YES;
				GCC_WARN_ABOUT_RETURN_TYPE = YES_ERROR;
				GCC_WARN_UNDECLARED_SELECTOR = YES;
				GCC_WARN_UNINITIALIZED_AUTOS = YES_AGGRESSIVE;
				GCC_WARN_UNUSED_FUNCTION = YES;
				GCC_WARN_UNUSED_VARIABLE = YES;
				IPHONEOS_DEPLOYMENT_TARGET = 12.1;
				MTL_ENABLE_DEBUG_INFO = NO;
				MTL_FAST_MATH = YES;
				SDKROOT = iphoneos;
				SWIFT_COMPILATION_MODE = wholemodule;
				SWIFT_OPTIMIZATION_LEVEL = "-O";
				VALIDATE_PRODUCT = YES;
			};
			name = Release;
		};
		2CC91B322213C2F100C954F1 /* Debug */ = {
			isa = XCBuildConfiguration;
			buildSettings = {
				ASSETCATALOG_COMPILER_APPICON_NAME = AppIcon;
				CODE_SIGN_STYLE = Automatic;
				DEVELOPMENT_TEAM = D35TX9G8FX;
				INFOPLIST_FILE = flixKhuynh/Info.plist;
				LD_RUNPATH_SEARCH_PATHS = (
					"$(inherited)",
					"@executable_path/Frameworks",
				);
				PRODUCT_BUNDLE_IDENTIFIER = codePath.flixKhuynh;
				PRODUCT_NAME = "$(TARGET_NAME)";
				SWIFT_VERSION = 4.2;
				TARGETED_DEVICE_FAMILY = "1,2";
			};
			name = Debug;
		};
		2CC91B332213C2F100C954F1 /* Release */ = {
			isa = XCBuildConfiguration;
			buildSettings = {
				ASSETCATALOG_COMPILER_APPICON_NAME = AppIcon;
				CODE_SIGN_STYLE = Automatic;
				DEVELOPMENT_TEAM = D35TX9G8FX;
				INFOPLIST_FILE = flixKhuynh/Info.plist;
				LD_RUNPATH_SEARCH_PATHS = (
					"$(inherited)",
					"@executable_path/Frameworks",
				);
				PRODUCT_BUNDLE_IDENTIFIER = codePath.flixKhuynh;
				PRODUCT_NAME = "$(TARGET_NAME)";
				SWIFT_VERSION = 4.2;
				TARGETED_DEVICE_FAMILY = "1,2";
			};
			name = Release;
		};
		2CC91B352213C2F100C954F1 /* Debug */ = {
			isa = XCBuildConfiguration;
			buildSettings = {
				ALWAYS_EMBED_SWIFT_STANDARD_LIBRARIES = YES;
				BUNDLE_LOADER = "$(TEST_HOST)";
				CODE_SIGN_STYLE = Automatic;
				DEVELOPMENT_TEAM = D35TX9G8FX;
				INFOPLIST_FILE = flixKhuynhTests/Info.plist;
				LD_RUNPATH_SEARCH_PATHS = (
					"$(inherited)",
					"@executable_path/Frameworks",
					"@loader_path/Frameworks",
				);
				PRODUCT_BUNDLE_IDENTIFIER = codePath.flixKhuynhTests;
				PRODUCT_NAME = "$(TARGET_NAME)";
				SWIFT_VERSION = 4.2;
				TARGETED_DEVICE_FAMILY = "1,2";
				TEST_HOST = "$(BUILT_PRODUCTS_DIR)/flixKhuynh.app/flixKhuynh";
			};
			name = Debug;
		};
		2CC91B362213C2F100C954F1 /* Release */ = {
			isa = XCBuildConfiguration;
			buildSettings = {
				ALWAYS_EMBED_SWIFT_STANDARD_LIBRARIES = YES;
				BUNDLE_LOADER = "$(TEST_HOST)";
				CODE_SIGN_STYLE = Automatic;
				DEVELOPMENT_TEAM = D35TX9G8FX;
				INFOPLIST_FILE = flixKhuynhTests/Info.plist;
				LD_RUNPATH_SEARCH_PATHS = (
					"$(inherited)",
					"@executable_path/Frameworks",
					"@loader_path/Frameworks",
				);
				PRODUCT_BUNDLE_IDENTIFIER = codePath.flixKhuynhTests;
				PRODUCT_NAME = "$(TARGET_NAME)";
				SWIFT_VERSION = 4.2;
				TARGETED_DEVICE_FAMILY = "1,2";
				TEST_HOST = "$(BUILT_PRODUCTS_DIR)/flixKhuynh.app/flixKhuynh";
			};
			name = Release;
		};
		2CC91B382213C2F100C954F1 /* Debug */ = {
			isa = XCBuildConfiguration;
			buildSettings = {
				ALWAYS_EMBED_SWIFT_STANDARD_LIBRARIES = YES;
				CODE_SIGN_STYLE = Automatic;
				DEVELOPMENT_TEAM = D35TX9G8FX;
				INFOPLIST_FILE = flixKhuynhUITests/Info.plist;
				LD_RUNPATH_SEARCH_PATHS = (
					"$(inherited)",
					"@executable_path/Frameworks",
					"@loader_path/Frameworks",
				);
				PRODUCT_BUNDLE_IDENTIFIER = codePath.flixKhuynhUITests;
				PRODUCT_NAME = "$(TARGET_NAME)";
				SWIFT_VERSION = 4.2;
				TARGETED_DEVICE_FAMILY = "1,2";
				TEST_TARGET_NAME = flixKhuynh;
			};
			name = Debug;
		};
		2CC91B392213C2F100C954F1 /* Release */ = {
			isa = XCBuildConfiguration;
			buildSettings = {
				ALWAYS_EMBED_SWIFT_STANDARD_LIBRARIES = YES;
				CODE_SIGN_STYLE = Automatic;
				DEVELOPMENT_TEAM = D35TX9G8FX;
				INFOPLIST_FILE = flixKhuynhUITests/Info.plist;
				LD_RUNPATH_SEARCH_PATHS = (
					"$(inherited)",
					"@executable_path/Frameworks",
					"@loader_path/Frameworks",
				);
				PRODUCT_BUNDLE_IDENTIFIER = codePath.flixKhuynhUITests;
				PRODUCT_NAME = "$(TARGET_NAME)";
				SWIFT_VERSION = 4.2;
				TARGETED_DEVICE_FAMILY = "1,2";
				TEST_TARGET_NAME = flixKhuynh;
			};
			name = Release;
		};
/* End XCBuildConfiguration section */

/* Begin XCConfigurationList section */
		2CC91B042213C2EF00C954F1 /* Build configuration list for PBXProject "flixKhuynh" */ = {
			isa = XCConfigurationList;
			buildConfigurations = (
				2CC91B2F2213C2F100C954F1 /* Debug */,
				2CC91B302213C2F100C954F1 /* Release */,
			);
			defaultConfigurationIsVisible = 0;
			defaultConfigurationName = Release;
		};
		2CC91B312213C2F100C954F1 /* Build configuration list for PBXNativeTarget "flixKhuynh" */ = {
			isa = XCConfigurationList;
			buildConfigurations = (
				2CC91B322213C2F100C954F1 /* Debug */,
				2CC91B332213C2F100C954F1 /* Release */,
			);
			defaultConfigurationIsVisible = 0;
			defaultConfigurationName = Release;
		};
		2CC91B342213C2F100C954F1 /* Build configuration list for PBXNativeTarget "flixKhuynhTests" */ = {
			isa = XCConfigurationList;
			buildConfigurations = (
				2CC91B352213C2F100C954F1 /* Debug */,
				2CC91B362213C2F100C954F1 /* Release */,
			);
			defaultConfigurationIsVisible = 0;
			defaultConfigurationName = Release;
		};
		2CC91B372213C2F100C954F1 /* Build configuration list for PBXNativeTarget "flixKhuynhUITests" */ = {
			isa = XCConfigurationList;
			buildConfigurations = (
				2CC91B382213C2F100C954F1 /* Debug */,
				2CC91B392213C2F100C954F1 /* Release */,
			);
			defaultConfigurationIsVisible = 0;
			defaultConfigurationName = Release;
		};
/* End XCConfigurationList section */
	};
	rootObject = 2CC91B012213C2EF00C954F1 /* Project object */;
}
